
Microsoft Visual Studio Solution File, Format Version 12.00
# Visual Studio 14
VisualStudioVersion = 14.0.25420.1
MinimumVisualStudioVersion = 10.0.40219.1
Project("{FAE04EC0-301F-11D3-BF4B-00C04F79EFBC}") = "01.PracticeIntegers", "01.PracticeIntegers\01.PracticeIntegers.csproj", "{E81576AD-5962-4974-B1B5-C721162EC093}"
EndProject
Project("{FAE04EC0-301F-11D3-BF4B-00C04F79EFBC}") = "02.PracticeFloats", "02.PracticeFloats\02.PracticeFloats.csproj", "{1463E464-E2DF-4393-A632-96C552147232}"
EndProject
Project("{FAE04EC0-301F-11D3-BF4B-00C04F79EFBC}") = "03.PracticeCharsAndStrings", "03.PracticeCharsAndStrings\03.PracticeCharsAndStrings.csproj", "{87287DC6-4632-4147-8D2D-164434B3BA7D}"
EndProject
Project("{FAE04EC0-301F-11D3-BF4B-00C04F79EFBC}") = "04.HexVariable", "04.HexVariable\04.HexVariable.csproj", "{1CE06AC9-5D37-400E-BEAF-16DE97567AA1}"
EndProject
Project("{FAE04EC0-301F-11D3-BF4B-00C04F79EFBC}") = "05.BooleanVariable", "05.BooleanVariable\05.BooleanVariable.csproj", "{759D8957-3807-49CD-A13B-F27CF7CD4DF5}"
EndProject
Project("{FAE04EC0-301F-11D3-BF4B-00C04F79EFBC}") = "06.StringsAndObjects", "06.StringsAndObjects\06.StringsAndObjects.csproj", "{2DD3DA2A-29C2-4EF7-A733-D96ABB61A325}"
EndProject
Project("{FAE04EC0-301F-11D3-BF4B-00C04F79EFBC}") = "07.ExchangeVariableValues", "07.ExchangeVariableValues\07.ExchangeVariableValues.csproj", "{F44EC08C-1A27-40A3-94E0-F9DB7F38EE1F}"
EndProject
Project("{FAE04EC0-301F-11D3-BF4B-00C04F79EFBC}") = "08.EmployeeData", "08.EmployeeData\08.EmployeeData.csproj", "{EB8D536A-BABC-484E-BA65-FF1BA2D85782}"
EndProject
Project("{FAE04EC0-301F-11D3-BF4B-00C04F79EFBC}") = "09.ReversedChars", "09.ReversedChars\09.ReversedChars.csproj", "{7E90C134-B699-45E1-B31C-94F49EC234B0}"
EndProject
Project("{FAE04EC0-301F-11D3-BF4B-00C04F79EFBC}") = "10.CenturiesToNanoseconds", "10.CenturiesToNanoseconds\10.CenturiesToNanoseconds.csproj", "{6B26CAF4-94CC-4FEC-9C74-27021F6095FF}"
EndProject
Project("{FAE04EC0-301F-11D3-BF4B-00C04F79EFBC}") = "17.DifferentIntegerSize", "17.DifferentIntegerSize\17.DifferentIntegerSize.csproj", "{9C3EB650-53D3-4402-B8E5-F471CA32D6DF}"
EndProject
Project("{FAE04EC0-301F-11D3-BF4B-00C04F79EFBC}") = "11.ConvertSpeedUnits", "11.ConvertSpeedUnits\11.ConvertSpeedUnits.csproj", "{839DDA16-D11F-44D9-B440-45388C77028B}"
EndProject
Project("{FAE04EC0-301F-11D3-BF4B-00C04F79EFBC}") = "12.RectangleProperties", "12.RectangleProperties\12.RectangleProperties.csproj", "{B3FBCE81-E0B4-40D0-976A-7A9FA32E614B}"
EndProject
Project("{FAE04EC0-301F-11D3-BF4B-00C04F79EFBC}") = "13.VowelOrDigit", "13.VowelOrDigit\13.VowelOrDigit.csproj", "{1B254E75-8E25-4B97-A0CB-9A5ACCB318EA}"
EndProject
Project("{FAE04EC0-301F-11D3-BF4B-00C04F79EFBC}") = "14.IntToHexAndBin", "14.IntToHexAndBin\14.IntToHexAndBin.csproj", "{8804D6AF-B13E-4FA7-AF15-7DD3449C6762}"
EndProject
Project("{FAE04EC0-301F-11D3-BF4B-00C04F79EFBC}") = "17.DifferentIntegerSize - vs.2", "17.DifferentIntegerSize - vs.2\17.DifferentIntegerSize - vs.2.csproj", "{2F6B3707-3FCD-494A-A6CA-C1A73071E7FD}"
EndProject
Project("{FAE04EC0-301F-11D3-BF4B-00C04F79EFBC}") = "15.FastPrimeChecker", "15.FastPrimeChecker\15.FastPrimeChecker.csproj", "{62D95985-A5C9-4071-8F67-A224411B0F5F}"
EndProject
Project("{FAE04EC0-301F-11D3-BF4B-00C04F79EFBC}") = "16.ComparingFloats", "16.ComparingFloats\16.ComparingFloats.csproj", "{BB91DAFC-9DD6-4065-BC5A-319B3961C202}"
EndProject
Project("{FAE04EC0-301F-11D3-BF4B-00C04F79EFBC}") = "17.PrintASCIITable", "17.PrintASCIITable\17.PrintASCIITable.csproj", "{99DD4A3D-B645-4256-8EC3-7782E7512A66}"
EndProject
Project("{FAE04EC0-301F-11D3-BF4B-00C04F79EFBC}") = "19.TheaThePhotographer", "19.TheaThePhotographer\19.TheaThePhotographer.csproj", "{47E70E99-BB5F-43BD-B604-2BBA7945D8ED}"
EndProject
Global
	GlobalSection(SolutionConfigurationPlatforms) = preSolution
		Debug|Any CPU = Debug|Any CPU
		Release|Any CPU = Release|Any CPU
	EndGlobalSection
	GlobalSection(ProjectConfigurationPlatforms) = postSolution
		{E81576AD-5962-4974-B1B5-C721162EC093}.Debug|Any CPU.ActiveCfg = Debug|Any CPU
		{E81576AD-5962-4974-B1B5-C721162EC093}.Debug|Any CPU.Build.0 = Debug|Any CPU
		{E81576AD-5962-4974-B1B5-C721162EC093}.Release|Any CPU.ActiveCfg = Release|Any CPU
		{E81576AD-5962-4974-B1B5-C721162EC093}.Release|Any CPU.Build.0 = Release|Any CPU
		{1463E464-E2DF-4393-A632-96C552147232}.Debug|Any CPU.ActiveCfg = Debug|Any CPU
		{1463E464-E2DF-4393-A632-96C552147232}.Debug|Any CPU.Build.0 = Debug|Any CPU
		{1463E464-E2DF-4393-A632-96C552147232}.Release|Any CPU.ActiveCfg = Release|Any CPU
		{1463E464-E2DF-4393-A632-96C552147232}.Release|Any CPU.Build.0 = Release|Any CPU
		{87287DC6-4632-4147-8D2D-164434B3BA7D}.Debug|Any CPU.ActiveCfg = Debug|Any CPU
		{87287DC6-4632-4147-8D2D-164434B3BA7D}.Debug|Any CPU.Build.0 = Debug|Any CPU
		{87287DC6-4632-4147-8D2D-164434B3BA7D}.Release|Any CPU.ActiveCfg = Release|Any CPU
		{87287DC6-4632-4147-8D2D-164434B3BA7D}.Release|Any CPU.Build.0 = Release|Any CPU
		{1CE06AC9-5D37-400E-BEAF-16DE97567AA1}.Debug|Any CPU.ActiveCfg = Debug|Any CPU
		{1CE06AC9-5D37-400E-BEAF-16DE97567AA1}.Debug|Any CPU.Build.0 = Debug|Any CPU
		{1CE06AC9-5D37-400E-BEAF-16DE97567AA1}.Release|Any CPU.ActiveCfg = Release|Any CPU
		{1CE06AC9-5D37-400E-BEAF-16DE97567AA1}.Release|Any CPU.Build.0 = Release|Any CPU
		{759D8957-3807-49CD-A13B-F27CF7CD4DF5}.Debug|Any CPU.ActiveCfg = Debug|Any CPU
		{759D8957-3807-49CD-A13B-F27CF7CD4DF5}.Debug|Any CPU.Build.0 = Debug|Any CPU
		{759D8957-3807-49CD-A13B-F27CF7CD4DF5}.Release|Any CPU.ActiveCfg = Release|Any CPU
		{759D8957-3807-49CD-A13B-F27CF7CD4DF5}.Release|Any CPU.Build.0 = Release|Any CPU
		{2DD3DA2A-29C2-4EF7-A733-D96ABB61A325}.Debug|Any CPU.ActiveCfg = Debug|Any CPU
		{2DD3DA2A-29C2-4EF7-A733-D96ABB61A325}.Debug|Any CPU.Build.0 = Debug|Any CPU
		{2DD3DA2A-29C2-4EF7-A733-D96ABB61A325}.Release|Any CPU.ActiveCfg = Release|Any CPU
		{2DD3DA2A-29C2-4EF7-A733-D96ABB61A325}.Release|Any CPU.Build.0 = Release|Any CPU
		{F44EC08C-1A27-40A3-94E0-F9DB7F38EE1F}.Debug|Any CPU.ActiveCfg = Debug|Any CPU
		{F44EC08C-1A27-40A3-94E0-F9DB7F38EE1F}.Debug|Any CPU.Build.0 = Debug|Any CPU
		{F44EC08C-1A27-40A3-94E0-F9DB7F38EE1F}.Release|Any CPU.ActiveCfg = Release|Any CPU
		{F44EC08C-1A27-40A3-94E0-F9DB7F38EE1F}.Release|Any CPU.Build.0 = Release|Any CPU
		{EB8D536A-BABC-484E-BA65-FF1BA2D85782}.Debug|Any CPU.ActiveCfg = Debug|Any CPU
		{EB8D536A-BABC-484E-BA65-FF1BA2D85782}.Debug|Any CPU.Build.0 = Debug|Any CPU
		{EB8D536A-BABC-484E-BA65-FF1BA2D85782}.Release|Any CPU.ActiveCfg = Release|Any CPU
		{EB8D536A-BABC-484E-BA65-FF1BA2D85782}.Release|Any CPU.Build.0 = Release|Any CPU
		{7E90C134-B699-45E1-B31C-94F49EC234B0}.Debug|Any CPU.ActiveCfg = Debug|Any CPU
		{7E90C134-B699-45E1-B31C-94F49EC234B0}.Debug|Any CPU.Build.0 = Debug|Any CPU
		{7E90C134-B699-45E1-B31C-94F49EC234B0}.Release|Any CPU.ActiveCfg = Release|Any CPU
		{7E90C134-B699-45E1-B31C-94F49EC234B0}.Release|Any CPU.Build.0 = Release|Any CPU
		{6B26CAF4-94CC-4FEC-9C74-27021F6095FF}.Debug|Any CPU.ActiveCfg = Debug|Any CPU
		{6B26CAF4-94CC-4FEC-9C74-27021F6095FF}.Debug|Any CPU.Build.0 = Debug|Any CPU
		{6B26CAF4-94CC-4FEC-9C74-27021F6095FF}.Release|Any CPU.ActiveCfg = Release|Any CPU
		{6B26CAF4-94CC-4FEC-9C74-27021F6095FF}.Release|Any CPU.Build.0 = Release|Any CPU
		{9C3EB650-53D3-4402-B8E5-F471CA32D6DF}.Debug|Any CPU.ActiveCfg = Debug|Any CPU
		{9C3EB650-53D3-4402-B8E5-F471CA32D6DF}.Debug|Any CPU.Build.0 = Debug|Any CPU
		{9C3EB650-53D3-4402-B8E5-F471CA32D6DF}.Release|Any CPU.ActiveCfg = Release|Any CPU
		{9C3EB650-53D3-4402-B8E5-F471CA32D6DF}.Release|Any CPU.Build.0 = Release|Any CPU
		{839DDA16-D11F-44D9-B440-45388C77028B}.Debug|Any CPU.ActiveCfg = Debug|Any CPU
		{839DDA16-D11F-44D9-B440-45388C77028B}.Debug|Any CPU.Build.0 = Debug|Any CPU
		{839DDA16-D11F-44D9-B440-45388C77028B}.Release|Any CPU.ActiveCfg = Release|Any CPU
		{839DDA16-D11F-44D9-B440-45388C77028B}.Release|Any CPU.Build.0 = Release|Any CPU
		{B3FBCE81-E0B4-40D0-976A-7A9FA32E614B}.Debug|Any CPU.ActiveCfg = Debug|Any CPU
		{B3FBCE81-E0B4-40D0-976A-7A9FA32E614B}.Debug|Any CPU.Build.0 = Debug|Any CPU
		{B3FBCE81-E0B4-40D0-976A-7A9FA32E614B}.Release|Any CPU.ActiveCfg = Release|Any CPU
		{B3FBCE81-E0B4-40D0-976A-7A9FA32E614B}.Release|Any CPU.Build.0 = Release|Any CPU
		{1B254E75-8E25-4B97-A0CB-9A5ACCB318EA}.Debug|Any CPU.ActiveCfg = Debug|Any CPU
		{1B254E75-8E25-4B97-A0CB-9A5ACCB318EA}.Debug|Any CPU.Build.0 = Debug|Any CPU
		{1B254E75-8E25-4B97-A0CB-9A5ACCB318EA}.Release|Any CPU.ActiveCfg = Release|Any CPU
		{1B254E75-8E25-4B97-A0CB-9A5ACCB318EA}.Release|Any CPU.Build.0 = Release|Any CPU
		{8804D6AF-B13E-4FA7-AF15-7DD3449C6762}.Debug|Any CPU.ActiveCfg = Debug|Any CPU
		{8804D6AF-B13E-4FA7-AF15-7DD3449C6762}.Debug|Any CPU.Build.0 = Debug|Any CPU
		{8804D6AF-B13E-4FA7-AF15-7DD3449C6762}.Release|Any CPU.ActiveCfg = Release|Any CPU
		{8804D6AF-B13E-4FA7-AF15-7DD3449C6762}.Release|Any CPU.Build.0 = Release|Any CPU
		{2F6B3707-3FCD-494A-A6CA-C1A73071E7FD}.Debug|Any CPU.ActiveCfg = Debug|Any CPU
		{2F6B3707-3FCD-494A-A6CA-C1A73071E7FD}.Debug|Any CPU.Build.0 = Debug|Any CPU
		{2F6B3707-3FCD-494A-A6CA-C1A73071E7FD}.Release|Any CPU.ActiveCfg = Release|Any CPU
		{2F6B3707-3FCD-494A-A6CA-C1A73071E7FD}.Release|Any CPU.Build.0 = Release|Any CPU
		{62D95985-A5C9-4071-8F67-A224411B0F5F}.Debug|Any CPU.ActiveCfg = Debug|Any CPU
		{62D95985-A5C9-4071-8F67-A224411B0F5F}.Debug|Any CPU.Build.0 = Debug|Any CPU
		{62D95985-A5C9-4071-8F67-A224411B0F5F}.Release|Any CPU.ActiveCfg = Release|Any CPU
		{62D95985-A5C9-4071-8F67-A224411B0F5F}.Release|Any CPU.Build.0 = Release|Any CPU
		{BB91DAFC-9DD6-4065-BC5A-319B3961C202}.Debug|Any CPU.ActiveCfg = Debug|Any CPU
		{BB91DAFC-9DD6-4065-BC5A-319B3961C202}.Debug|Any CPU.Build.0 = Debug|Any CPU
		{BB91DAFC-9DD6-4065-BC5A-319B3961C202}.Release|Any CPU.ActiveCfg = Release|Any CPU
		{BB91DAFC-9DD6-4065-BC5A-319B3961C202}.Release|Any CPU.Build.0 = Release|Any CPU
		{99DD4A3D-B645-4256-8EC3-7782E7512A66}.Debug|Any CPU.ActiveCfg = Debug|Any CPU
		{99DD4A3D-B645-4256-8EC3-7782E7512A66}.Debug|Any CPU.Build.0 = Debug|Any CPU
		{99DD4A3D-B645-4256-8EC3-7782E7512A66}.Release|Any CPU.ActiveCfg = Release|Any CPU
		{99DD4A3D-B645-4256-8EC3-7782E7512A66}.Release|Any CPU.Build.0 = Release|Any CPU
		{47E70E99-BB5F-43BD-B604-2BBA7945D8ED}.Debug|Any CPU.ActiveCfg = Debug|Any CPU
		{47E70E99-BB5F-43BD-B604-2BBA7945D8ED}.Debug|Any CPU.Build.0 = Debug|Any CPU
		{47E70E99-BB5F-43BD-B604-2BBA7945D8ED}.Release|Any CPU.ActiveCfg = Release|Any CPU
		{47E70E99-BB5F-43BD-B604-2BBA7945D8ED}.Release|Any CPU.Build.0 = Release|Any CPU
	EndGlobalSection
	GlobalSection(SolutionProperties) = preSolution
		HideSolutionNode = FALSE
	EndGlobalSection
EndGlobal
