
Microsoft Visual Studio Solution File, Format Version 12.00
# Visual Studio 14
VisualStudioVersion = 14.0.25420.1
MinimumVisualStudioVersion = 10.0.40219.1
Project("{FAE04EC0-301F-11D3-BF4B-00C04F79EFBC}") = "01.Sweet-dessert-24.04.2016", "01.Sweet-dessert-24.04.2016\01.Sweet-dessert-24.04.2016.csproj", "{7AD1CC18-8C30-4FA4-969F-480E070FCC7D}"
EndProject
Project("{FAE04EC0-301F-11D3-BF4B-00C04F79EFBC}") = "02.Game-Of-Names-24.04.2016", "02.Game-Of-Names-24.04.2016\02.Game-Of-Names-24.04.2016.csproj", "{05083E73-DBB3-4E91-B05D-DFE64D628153}"
EndProject
Project("{FAE04EC0-301F-11D3-BF4B-00C04F79EFBC}") = "03.Strawberry", "03.Strawberry\03.Strawberry.csproj", "{2AE88F6B-893D-4A23-8D1B-E255885A6144}"
EndProject
Project("{FAE04EC0-301F-11D3-BF4B-00C04F79EFBC}") = "04.ArrayModifier", "04.ArrayModifier\04.ArrayModifier.csproj", "{21AA8A82-4100-4930-A28D-FEA0DC82B1BA}"
EndProject
Project("{FAE04EC0-301F-11D3-BF4B-00C04F79EFBC}") = "01.Nacepin-April2016", "01.Nacepin-April2016\01.Nacepin-April2016.csproj", "{6BE68059-C362-40C0-9F1F-CF8A40388BCB}"
EndProject
Project("{FAE04EC0-301F-11D3-BF4B-00C04F79EFBC}") = "02.Hogwardssorting-april2016", "02.Hogwardssorting-april2016\02.Hogwardssorting-april2016.csproj", "{6D4C0BC0-A426-4954-82E9-EA7E20A810C2}"
EndProject
Project("{FAE04EC0-301F-11D3-BF4B-00C04F79EFBC}") = "04.CarSales", "04.CarSales\04.CarSales.csproj", "{994CC994-2612-435F-9118-07A97F71C57E}"
EndProject
Project("{FAE04EC0-301F-11D3-BF4B-00C04F79EFBC}") = "04.PopulationAggregation", "04.PopulationAggregation\04.PopulationAggregation.csproj", "{529167A4-6524-4D5A-BAD0-F5BA21EC46F9}"
EndProject
Project("{FAE04EC0-301F-11D3-BF4B-00C04F79EFBC}") = "01.SoftuniAirline", "01.SoftuniAirline\01.SoftuniAirline.csproj", "{C02C5FD1-B6AC-4F6C-8084-65809D25F00B}"
EndProject
Project("{FAE04EC0-301F-11D3-BF4B-00C04F79EFBC}") = "04.SoftuniCoffeeSupplies", "04.SoftuniCoffeeSupplies\04.SoftuniCoffeeSupplies.csproj", "{17D3563B-8937-4667-A960-D53A3926BC61}"
EndProject
Project("{FAE04EC0-301F-11D3-BF4B-00C04F79EFBC}") = "01.Numbers", "01.Numbers\01.Numbers.csproj", "{3EA534FD-608B-4BA4-803F-47C1E63A1824}"
EndProject
Project("{FAE04EC0-301F-11D3-BF4B-00C04F79EFBC}") = "02.SoftuniCoffeeOrders", "02.SoftuniCoffeeOrders\02.SoftuniCoffeeOrders.csproj", "{65B58BC7-49FE-4A30-B962-F2137D6B644F}"
EndProject
Project("{FAE04EC0-301F-11D3-BF4B-00C04F79EFBC}") = "03.FootballLeague", "03.FootballLeague\03.FootballLeague.csproj", "{84678C82-5DBB-453F-863B-21F66504AB47}"
EndProject
Project("{FAE04EC0-301F-11D3-BF4B-00C04F79EFBC}") = "01.TheaThePhotographer", "01.TheaThePhotographer\01.TheaThePhotographer.csproj", "{0BB3C300-3701-4ACA-BDC4-49BFE6CEFE0B}"
EndProject
Project("{FAE04EC0-301F-11D3-BF4B-00C04F79EFBC}") = "02.TrophonTheGrumpyCat", "02.TrophonTheGrumpyCat\02.TrophonTheGrumpyCat.csproj", "{8B45DBFE-949B-4E03-8DC7-00F1286993D6}"
EndProject
Project("{FAE04EC0-301F-11D3-BF4B-00C04F79EFBC}") = "04.Files", "04.Files\04.Files.csproj", "{84A9D408-9B80-4908-BEC4-5CEBD141735D}"
EndProject
Project("{FAE04EC0-301F-11D3-BF4B-00C04F79EFBC}") = "02.SoftuniWaterSupplies", "02.SoftuniWaterSupplies\02.SoftuniWaterSupplies.csproj", "{86589C9F-7121-4E92-BFEC-F0759C4864E9}"
EndProject
Global
	GlobalSection(SolutionConfigurationPlatforms) = preSolution
		Debug|Any CPU = Debug|Any CPU
		Release|Any CPU = Release|Any CPU
	EndGlobalSection
	GlobalSection(ProjectConfigurationPlatforms) = postSolution
		{7AD1CC18-8C30-4FA4-969F-480E070FCC7D}.Debug|Any CPU.ActiveCfg = Debug|Any CPU
		{7AD1CC18-8C30-4FA4-969F-480E070FCC7D}.Debug|Any CPU.Build.0 = Debug|Any CPU
		{7AD1CC18-8C30-4FA4-969F-480E070FCC7D}.Release|Any CPU.ActiveCfg = Release|Any CPU
		{7AD1CC18-8C30-4FA4-969F-480E070FCC7D}.Release|Any CPU.Build.0 = Release|Any CPU
		{05083E73-DBB3-4E91-B05D-DFE64D628153}.Debug|Any CPU.ActiveCfg = Debug|Any CPU
		{05083E73-DBB3-4E91-B05D-DFE64D628153}.Debug|Any CPU.Build.0 = Debug|Any CPU
		{05083E73-DBB3-4E91-B05D-DFE64D628153}.Release|Any CPU.ActiveCfg = Release|Any CPU
		{05083E73-DBB3-4E91-B05D-DFE64D628153}.Release|Any CPU.Build.0 = Release|Any CPU
		{2AE88F6B-893D-4A23-8D1B-E255885A6144}.Debug|Any CPU.ActiveCfg = Debug|Any CPU
		{2AE88F6B-893D-4A23-8D1B-E255885A6144}.Debug|Any CPU.Build.0 = Debug|Any CPU
		{2AE88F6B-893D-4A23-8D1B-E255885A6144}.Release|Any CPU.ActiveCfg = Release|Any CPU
		{2AE88F6B-893D-4A23-8D1B-E255885A6144}.Release|Any CPU.Build.0 = Release|Any CPU
		{21AA8A82-4100-4930-A28D-FEA0DC82B1BA}.Debug|Any CPU.ActiveCfg = Debug|Any CPU
		{21AA8A82-4100-4930-A28D-FEA0DC82B1BA}.Debug|Any CPU.Build.0 = Debug|Any CPU
		{21AA8A82-4100-4930-A28D-FEA0DC82B1BA}.Release|Any CPU.ActiveCfg = Release|Any CPU
		{21AA8A82-4100-4930-A28D-FEA0DC82B1BA}.Release|Any CPU.Build.0 = Release|Any CPU
		{6BE68059-C362-40C0-9F1F-CF8A40388BCB}.Debug|Any CPU.ActiveCfg = Debug|Any CPU
		{6BE68059-C362-40C0-9F1F-CF8A40388BCB}.Debug|Any CPU.Build.0 = Debug|Any CPU
		{6BE68059-C362-40C0-9F1F-CF8A40388BCB}.Release|Any CPU.ActiveCfg = Release|Any CPU
		{6BE68059-C362-40C0-9F1F-CF8A40388BCB}.Release|Any CPU.Build.0 = Release|Any CPU
		{6D4C0BC0-A426-4954-82E9-EA7E20A810C2}.Debug|Any CPU.ActiveCfg = Debug|Any CPU
		{6D4C0BC0-A426-4954-82E9-EA7E20A810C2}.Debug|Any CPU.Build.0 = Debug|Any CPU
		{6D4C0BC0-A426-4954-82E9-EA7E20A810C2}.Release|Any CPU.ActiveCfg = Release|Any CPU
		{6D4C0BC0-A426-4954-82E9-EA7E20A810C2}.Release|Any CPU.Build.0 = Release|Any CPU
		{994CC994-2612-435F-9118-07A97F71C57E}.Debug|Any CPU.ActiveCfg = Debug|Any CPU
		{994CC994-2612-435F-9118-07A97F71C57E}.Debug|Any CPU.Build.0 = Debug|Any CPU
		{994CC994-2612-435F-9118-07A97F71C57E}.Release|Any CPU.ActiveCfg = Release|Any CPU
		{994CC994-2612-435F-9118-07A97F71C57E}.Release|Any CPU.Build.0 = Release|Any CPU
		{529167A4-6524-4D5A-BAD0-F5BA21EC46F9}.Debug|Any CPU.ActiveCfg = Debug|Any CPU
		{529167A4-6524-4D5A-BAD0-F5BA21EC46F9}.Debug|Any CPU.Build.0 = Debug|Any CPU
		{529167A4-6524-4D5A-BAD0-F5BA21EC46F9}.Release|Any CPU.ActiveCfg = Release|Any CPU
		{529167A4-6524-4D5A-BAD0-F5BA21EC46F9}.Release|Any CPU.Build.0 = Release|Any CPU
		{C02C5FD1-B6AC-4F6C-8084-65809D25F00B}.Debug|Any CPU.ActiveCfg = Debug|Any CPU
		{C02C5FD1-B6AC-4F6C-8084-65809D25F00B}.Debug|Any CPU.Build.0 = Debug|Any CPU
		{C02C5FD1-B6AC-4F6C-8084-65809D25F00B}.Release|Any CPU.ActiveCfg = Release|Any CPU
		{C02C5FD1-B6AC-4F6C-8084-65809D25F00B}.Release|Any CPU.Build.0 = Release|Any CPU
		{17D3563B-8937-4667-A960-D53A3926BC61}.Debug|Any CPU.ActiveCfg = Debug|Any CPU
		{17D3563B-8937-4667-A960-D53A3926BC61}.Debug|Any CPU.Build.0 = Debug|Any CPU
		{17D3563B-8937-4667-A960-D53A3926BC61}.Release|Any CPU.ActiveCfg = Release|Any CPU
		{17D3563B-8937-4667-A960-D53A3926BC61}.Release|Any CPU.Build.0 = Release|Any CPU
		{3EA534FD-608B-4BA4-803F-47C1E63A1824}.Debug|Any CPU.ActiveCfg = Debug|Any CPU
		{3EA534FD-608B-4BA4-803F-47C1E63A1824}.Debug|Any CPU.Build.0 = Debug|Any CPU
		{3EA534FD-608B-4BA4-803F-47C1E63A1824}.Release|Any CPU.ActiveCfg = Release|Any CPU
		{3EA534FD-608B-4BA4-803F-47C1E63A1824}.Release|Any CPU.Build.0 = Release|Any CPU
		{65B58BC7-49FE-4A30-B962-F2137D6B644F}.Debug|Any CPU.ActiveCfg = Debug|Any CPU
		{65B58BC7-49FE-4A30-B962-F2137D6B644F}.Debug|Any CPU.Build.0 = Debug|Any CPU
		{65B58BC7-49FE-4A30-B962-F2137D6B644F}.Release|Any CPU.ActiveCfg = Release|Any CPU
		{65B58BC7-49FE-4A30-B962-F2137D6B644F}.Release|Any CPU.Build.0 = Release|Any CPU
		{84678C82-5DBB-453F-863B-21F66504AB47}.Debug|Any CPU.ActiveCfg = Debug|Any CPU
		{84678C82-5DBB-453F-863B-21F66504AB47}.Debug|Any CPU.Build.0 = Debug|Any CPU
		{84678C82-5DBB-453F-863B-21F66504AB47}.Release|Any CPU.ActiveCfg = Release|Any CPU
		{84678C82-5DBB-453F-863B-21F66504AB47}.Release|Any CPU.Build.0 = Release|Any CPU
		{0BB3C300-3701-4ACA-BDC4-49BFE6CEFE0B}.Debug|Any CPU.ActiveCfg = Debug|Any CPU
		{0BB3C300-3701-4ACA-BDC4-49BFE6CEFE0B}.Debug|Any CPU.Build.0 = Debug|Any CPU
		{0BB3C300-3701-4ACA-BDC4-49BFE6CEFE0B}.Release|Any CPU.ActiveCfg = Release|Any CPU
		{0BB3C300-3701-4ACA-BDC4-49BFE6CEFE0B}.Release|Any CPU.Build.0 = Release|Any CPU
		{8B45DBFE-949B-4E03-8DC7-00F1286993D6}.Debug|Any CPU.ActiveCfg = Debug|Any CPU
		{8B45DBFE-949B-4E03-8DC7-00F1286993D6}.Debug|Any CPU.Build.0 = Debug|Any CPU
		{8B45DBFE-949B-4E03-8DC7-00F1286993D6}.Release|Any CPU.ActiveCfg = Release|Any CPU
		{8B45DBFE-949B-4E03-8DC7-00F1286993D6}.Release|Any CPU.Build.0 = Release|Any CPU
		{84A9D408-9B80-4908-BEC4-5CEBD141735D}.Debug|Any CPU.ActiveCfg = Debug|Any CPU
		{84A9D408-9B80-4908-BEC4-5CEBD141735D}.Debug|Any CPU.Build.0 = Debug|Any CPU
		{84A9D408-9B80-4908-BEC4-5CEBD141735D}.Release|Any CPU.ActiveCfg = Release|Any CPU
		{84A9D408-9B80-4908-BEC4-5CEBD141735D}.Release|Any CPU.Build.0 = Release|Any CPU
		{86589C9F-7121-4E92-BFEC-F0759C4864E9}.Debug|Any CPU.ActiveCfg = Debug|Any CPU
		{86589C9F-7121-4E92-BFEC-F0759C4864E9}.Debug|Any CPU.Build.0 = Debug|Any CPU
		{86589C9F-7121-4E92-BFEC-F0759C4864E9}.Release|Any CPU.ActiveCfg = Release|Any CPU
		{86589C9F-7121-4E92-BFEC-F0759C4864E9}.Release|Any CPU.Build.0 = Release|Any CPU
	EndGlobalSection
	GlobalSection(SolutionProperties) = preSolution
		HideSolutionNode = FALSE
	EndGlobalSection
EndGlobal
