
Microsoft Visual Studio Solution File, Format Version 12.00
# Visual Studio 14
VisualStudioVersion = 14.0.25420.1
MinimumVisualStudioVersion = 10.0.40219.1
Project("{FAE04EC0-301F-11D3-BF4B-00C04F79EFBC}") = "01.PhoneBook", "01.PhoneBook\01.PhoneBook.csproj", "{8D16DE36-097E-4A94-A990-981137EFAEF3}"
EndProject
Project("{FAE04EC0-301F-11D3-BF4B-00C04F79EFBC}") = "02.PhonebookUpgrade", "02.PhonebookUpgrade\02.PhonebookUpgrade.csproj", "{76AB6144-43E1-46C4-BC54-F8DB95C16A53}"
EndProject
Project("{FAE04EC0-301F-11D3-BF4B-00C04F79EFBC}") = "03.MinerTask", "03.MinerTask\03.MinerTask.csproj", "{27D4B78A-23C5-4F3B-84B7-332C0120160B}"
EndProject
Project("{FAE04EC0-301F-11D3-BF4B-00C04F79EFBC}") = "04.FixEmails", "04.FixEmails\04.FixEmails.csproj", "{8DD2990F-B733-4FAE-82FD-5895211A1BFD}"
EndProject
Project("{FAE04EC0-301F-11D3-BF4B-00C04F79EFBC}") = "05.HandsOfCards", "05.HandsOfCards\05.HandsOfCards.csproj", "{20B94B7E-8678-468D-9799-E1CD4779F7EB}"
EndProject
Project("{FAE04EC0-301F-11D3-BF4B-00C04F79EFBC}") = "06.UserLogs", "06.UserLogs\06.UserLogs.csproj", "{882EABA0-DEE1-47E8-BA50-8B296394493E}"
EndProject
Project("{FAE04EC0-301F-11D3-BF4B-00C04F79EFBC}") = "06.PopulationCounter", "06.PopulationCounter\06.PopulationCounter.csproj", "{88C0E284-5D6A-4389-AAFB-0193E55DEA85}"
EndProject
Project("{FAE04EC0-301F-11D3-BF4B-00C04F79EFBC}") = "08.LogsAggregator", "08.LogsAggregator\08.LogsAggregator.csproj", "{5579BCA6-1D91-4DFC-A422-660E06DAB498}"
EndProject
Project("{FAE04EC0-301F-11D3-BF4B-00C04F79EFBC}") = "09.LegendaryFarming", "09.LegendaryFarming\09.LegendaryFarming.csproj", "{0DD4D0A6-7867-4465-9B2F-D7FE7CE1974A}"
EndProject
Project("{FAE04EC0-301F-11D3-BF4B-00C04F79EFBC}") = "10.SrabskoUnleashed", "10.SrabskoUnleashed\10.SrabskoUnleashed.csproj", "{F6995E45-8738-4768-9389-E65E698EF106}"
EndProject
Project("{FAE04EC0-301F-11D3-BF4B-00C04F79EFBC}") = "11.DragonArmy", "11.DragonArmy\11.DragonArmy.csproj", "{C6AF9660-45F7-4F9D-ADC1-CD9BF7C66F5D}"
EndProject
Global
	GlobalSection(SolutionConfigurationPlatforms) = preSolution
		Debug|Any CPU = Debug|Any CPU
		Release|Any CPU = Release|Any CPU
	EndGlobalSection
	GlobalSection(ProjectConfigurationPlatforms) = postSolution
		{8D16DE36-097E-4A94-A990-981137EFAEF3}.Debug|Any CPU.ActiveCfg = Debug|Any CPU
		{8D16DE36-097E-4A94-A990-981137EFAEF3}.Debug|Any CPU.Build.0 = Debug|Any CPU
		{8D16DE36-097E-4A94-A990-981137EFAEF3}.Release|Any CPU.ActiveCfg = Release|Any CPU
		{8D16DE36-097E-4A94-A990-981137EFAEF3}.Release|Any CPU.Build.0 = Release|Any CPU
		{76AB6144-43E1-46C4-BC54-F8DB95C16A53}.Debug|Any CPU.ActiveCfg = Debug|Any CPU
		{76AB6144-43E1-46C4-BC54-F8DB95C16A53}.Debug|Any CPU.Build.0 = Debug|Any CPU
		{76AB6144-43E1-46C4-BC54-F8DB95C16A53}.Release|Any CPU.ActiveCfg = Release|Any CPU
		{76AB6144-43E1-46C4-BC54-F8DB95C16A53}.Release|Any CPU.Build.0 = Release|Any CPU
		{27D4B78A-23C5-4F3B-84B7-332C0120160B}.Debug|Any CPU.ActiveCfg = Debug|Any CPU
		{27D4B78A-23C5-4F3B-84B7-332C0120160B}.Debug|Any CPU.Build.0 = Debug|Any CPU
		{27D4B78A-23C5-4F3B-84B7-332C0120160B}.Release|Any CPU.ActiveCfg = Release|Any CPU
		{27D4B78A-23C5-4F3B-84B7-332C0120160B}.Release|Any CPU.Build.0 = Release|Any CPU
		{8DD2990F-B733-4FAE-82FD-5895211A1BFD}.Debug|Any CPU.ActiveCfg = Debug|Any CPU
		{8DD2990F-B733-4FAE-82FD-5895211A1BFD}.Debug|Any CPU.Build.0 = Debug|Any CPU
		{8DD2990F-B733-4FAE-82FD-5895211A1BFD}.Release|Any CPU.ActiveCfg = Release|Any CPU
		{8DD2990F-B733-4FAE-82FD-5895211A1BFD}.Release|Any CPU.Build.0 = Release|Any CPU
		{20B94B7E-8678-468D-9799-E1CD4779F7EB}.Debug|Any CPU.ActiveCfg = Debug|Any CPU
		{20B94B7E-8678-468D-9799-E1CD4779F7EB}.Debug|Any CPU.Build.0 = Debug|Any CPU
		{20B94B7E-8678-468D-9799-E1CD4779F7EB}.Release|Any CPU.ActiveCfg = Release|Any CPU
		{20B94B7E-8678-468D-9799-E1CD4779F7EB}.Release|Any CPU.Build.0 = Release|Any CPU
		{882EABA0-DEE1-47E8-BA50-8B296394493E}.Debug|Any CPU.ActiveCfg = Debug|Any CPU
		{882EABA0-DEE1-47E8-BA50-8B296394493E}.Debug|Any CPU.Build.0 = Debug|Any CPU
		{882EABA0-DEE1-47E8-BA50-8B296394493E}.Release|Any CPU.ActiveCfg = Release|Any CPU
		{882EABA0-DEE1-47E8-BA50-8B296394493E}.Release|Any CPU.Build.0 = Release|Any CPU
		{88C0E284-5D6A-4389-AAFB-0193E55DEA85}.Debug|Any CPU.ActiveCfg = Debug|Any CPU
		{88C0E284-5D6A-4389-AAFB-0193E55DEA85}.Debug|Any CPU.Build.0 = Debug|Any CPU
		{88C0E284-5D6A-4389-AAFB-0193E55DEA85}.Release|Any CPU.ActiveCfg = Release|Any CPU
		{88C0E284-5D6A-4389-AAFB-0193E55DEA85}.Release|Any CPU.Build.0 = Release|Any CPU
		{5579BCA6-1D91-4DFC-A422-660E06DAB498}.Debug|Any CPU.ActiveCfg = Debug|Any CPU
		{5579BCA6-1D91-4DFC-A422-660E06DAB498}.Debug|Any CPU.Build.0 = Debug|Any CPU
		{5579BCA6-1D91-4DFC-A422-660E06DAB498}.Release|Any CPU.ActiveCfg = Release|Any CPU
		{5579BCA6-1D91-4DFC-A422-660E06DAB498}.Release|Any CPU.Build.0 = Release|Any CPU
		{0DD4D0A6-7867-4465-9B2F-D7FE7CE1974A}.Debug|Any CPU.ActiveCfg = Debug|Any CPU
		{0DD4D0A6-7867-4465-9B2F-D7FE7CE1974A}.Debug|Any CPU.Build.0 = Debug|Any CPU
		{0DD4D0A6-7867-4465-9B2F-D7FE7CE1974A}.Release|Any CPU.ActiveCfg = Release|Any CPU
		{0DD4D0A6-7867-4465-9B2F-D7FE7CE1974A}.Release|Any CPU.Build.0 = Release|Any CPU
		{F6995E45-8738-4768-9389-E65E698EF106}.Debug|Any CPU.ActiveCfg = Debug|Any CPU
		{F6995E45-8738-4768-9389-E65E698EF106}.Debug|Any CPU.Build.0 = Debug|Any CPU
		{F6995E45-8738-4768-9389-E65E698EF106}.Release|Any CPU.ActiveCfg = Release|Any CPU
		{F6995E45-8738-4768-9389-E65E698EF106}.Release|Any CPU.Build.0 = Release|Any CPU
		{C6AF9660-45F7-4F9D-ADC1-CD9BF7C66F5D}.Debug|Any CPU.ActiveCfg = Debug|Any CPU
		{C6AF9660-45F7-4F9D-ADC1-CD9BF7C66F5D}.Debug|Any CPU.Build.0 = Debug|Any CPU
		{C6AF9660-45F7-4F9D-ADC1-CD9BF7C66F5D}.Release|Any CPU.ActiveCfg = Release|Any CPU
		{C6AF9660-45F7-4F9D-ADC1-CD9BF7C66F5D}.Release|Any CPU.Build.0 = Release|Any CPU
	EndGlobalSection
	GlobalSection(SolutionProperties) = preSolution
		HideSolutionNode = FALSE
	EndGlobalSection
EndGlobal
